
Microsoft Visual Studio Solution File, Format Version 12.00
# Visual Studio 14
VisualStudioVersion = 14.0.25420.1
MinimumVisualStudioVersion = 10.0.40219.1
Project("{FAE04EC0-301F-11D3-BF4B-00C04F79EFBC}") = "BaseballClientGames", "BaseballClientGames\BaseballClientGames.csproj", "{69C27242-21B7-4F15-AE01-D48FEACAA1F0}"
EndProject
Project("{FAE04EC0-301F-11D3-BF4B-00C04F79EFBC}") = "DAL", "DAL\DAL.csproj", "{0465D8EF-24BD-42A2-9361-798DD67CB0A0}"
EndProject
Global
	GlobalSection(SolutionConfigurationPlatforms) = preSolution
		Debug|Any CPU = Debug|Any CPU
		Release|Any CPU = Release|Any CPU
	EndGlobalSection
	GlobalSection(ProjectConfigurationPlatforms) = postSolution
		{69C27242-21B7-4F15-AE01-D48FEACAA1F0}.Debug|Any CPU.ActiveCfg = Debug|Any CPU
		{69C27242-21B7-4F15-AE01-D48FEACAA1F0}.Debug|Any CPU.Build.0 = Debug|Any CPU
		{69C27242-21B7-4F15-AE01-D48FEACAA1F0}.Release|Any CPU.ActiveCfg = Release|Any CPU
		{69C27242-21B7-4F15-AE01-D48FEACAA1F0}.Release|Any CPU.Build.0 = Release|Any CPU
		{0465D8EF-24BD-42A2-9361-798DD67CB0A0}.Debug|Any CPU.ActiveCfg = Debug|Any CPU
		{0465D8EF-24BD-42A2-9361-798DD67CB0A0}.Debug|Any CPU.Build.0 = Debug|Any CPU
		{0465D8EF-24BD-42A2-9361-798DD67CB0A0}.Release|Any CPU.ActiveCfg = Release|Any CPU
		{0465D8EF-24BD-42A2-9361-798DD67CB0A0}.Release|Any CPU.Build.0 = Release|Any CPU
	EndGlobalSection
	GlobalSection(SolutionProperties) = preSolution
		HideSolutionNode = FALSE
	EndGlobalSection
EndGlobal
